
Microsoft Visual Studio Solution File, Format Version 12.00
# Visual Studio Version 16
VisualStudioVersion = 16.0.31019.35
MinimumVisualStudioVersion = 10.0.40219.1
Project("{FAE04EC0-301F-11D3-BF4B-00C04F79EFBC}") = "ClassMetotDemo", "ClassMetotDemo\ClassMetotDemo.csproj", "{AB3FD796-3AF4-4377-AA93-363FF9335D0E}"
EndProject
Global
	GlobalSection(SolutionConfigurationPlatforms) = preSolution
		Debug|Any CPU = Debug|Any CPU
		Release|Any CPU = Release|Any CPU
	EndGlobalSection
	GlobalSection(ProjectConfigurationPlatforms) = postSolution
		{AB3FD796-3AF4-4377-AA93-363FF9335D0E}.Debug|Any CPU.ActiveCfg = Debug|Any CPU
		{AB3FD796-3AF4-4377-AA93-363FF9335D0E}.Debug|Any CPU.Build.0 = Debug|Any CPU
		{AB3FD796-3AF4-4377-AA93-363FF9335D0E}.Release|Any CPU.ActiveCfg = Release|Any CPU
		{AB3FD796-3AF4-4377-AA93-363FF9335D0E}.Release|Any CPU.Build.0 = Release|Any CPU
	EndGlobalSection
	GlobalSection(SolutionProperties) = preSolution
		HideSolutionNode = FALSE
	EndGlobalSection
	GlobalSection(ExtensibilityGlobals) = postSolution
		SolutionGuid = {B82749B5-6ACA-48F5-9C13-0F58997D6B30}
	EndGlobalSection
EndGlobal
